# This file is automatically generated by Cargo.
# It is not intended for manual editing.
[[package]]
name = "mongodb"
version = "0.11.0"
source = "registry+https://github.com/rust-lang/crates.io-index"
dependencies = [
  "bson",
  "tokio = 1.0.0",  # Assuming specific version for tokio
  # Other dependencies specific to mongodb 0.11.0
]

[[package]]
name = "bson"
version = "1.0.0"
source = "registry+https://github.com/rust-lang/crates.io-index"
dependencies = [
  # Dependencies for bson 1.0.0
]

[[package]]
name = "syn"
version = "0.8.3"
source = "registry+https://github.com/rust-lang/crates.io-index"

# ... Other dependencies and their versions
