# Generated by pub
# See https://dart.dev/tools/pub/glossary#lockfile
packages:
  async: 
    dependency: "direct"
    description:
      name: async
      url: "https://pub.dev"
    source: hosted
    version: "2.8.2"

  flutter:
    dependency: "direct"
    description:
      name: flutter
      url: "https://pub.dev"
    source: hosted
    version: "2.10.0"

  http:
    dependency: "direct"
    description:
      name: http
      url: "https://pub.dev"
    source: hosted
    version: "0.14.0"

  provider:
    dependency: "direct"
    description:
      name: provider
      url: "https://pub.dev"
    source: hosted
    version: "5.0.0"

# The `pubspec.lock` file includes detailed information about each package,
# its source, version, and its dependency type (e.g., direct or transitive).